
Microsoft Visual Studio Solution File, Format Version 12.00
# Visual Studio 15
VisualStudioVersion = 15.0.28307.329
MinimumVisualStudioVersion = 10.0.40219.1
Project("{FAE04EC0-301F-11D3-BF4B-00C04F79EFBC}") = "GoogleHashCode2018", "GoogleHashCode2018\GoogleHashCode2018.csproj", "{755F9164-2356-4315-BDC7-078D06D63453}"
EndProject
Project("{FAE04EC0-301F-11D3-BF4B-00C04F79EFBC}") = "GoogleHashCode2018.Test", "GoogleHashCode2018.Test\GoogleHashCode2018.Test.csproj", "{FE309A79-3F5D-476A-9457-2F843235B3CB}"
EndProject
Global
	GlobalSection(SolutionConfigurationPlatforms) = preSolution
		Debug|Any CPU = Debug|Any CPU
		Release|Any CPU = Release|Any CPU
	EndGlobalSection
	GlobalSection(ProjectConfigurationPlatforms) = postSolution
		{755F9164-2356-4315-BDC7-078D06D63453}.Debug|Any CPU.ActiveCfg = Debug|Any CPU
		{755F9164-2356-4315-BDC7-078D06D63453}.Debug|Any CPU.Build.0 = Debug|Any CPU
		{755F9164-2356-4315-BDC7-078D06D63453}.Release|Any CPU.ActiveCfg = Release|Any CPU
		{755F9164-2356-4315-BDC7-078D06D63453}.Release|Any CPU.Build.0 = Release|Any CPU
		{FE309A79-3F5D-476A-9457-2F843235B3CB}.Debug|Any CPU.ActiveCfg = Debug|Any CPU
		{FE309A79-3F5D-476A-9457-2F843235B3CB}.Debug|Any CPU.Build.0 = Debug|Any CPU
		{FE309A79-3F5D-476A-9457-2F843235B3CB}.Release|Any CPU.ActiveCfg = Release|Any CPU
		{FE309A79-3F5D-476A-9457-2F843235B3CB}.Release|Any CPU.Build.0 = Release|Any CPU
	EndGlobalSection
	GlobalSection(SolutionProperties) = preSolution
		HideSolutionNode = FALSE
	EndGlobalSection
	GlobalSection(ExtensibilityGlobals) = postSolution
		SolutionGuid = {4FAC21D7-A0D6-4003-B28A-A6D8243397D6}
	EndGlobalSection
EndGlobal
