
Microsoft Visual Studio Solution File, Format Version 12.00
# Visual Studio 15
VisualStudioVersion = 15.0.28307.329
MinimumVisualStudioVersion = 10.0.40219.1
Project("{9A19103F-16F7-4668-BE54-9A1E7A4F7556}") = "GoogleHashCode2019", "GoogleHashCode2019\GoogleHashCode2019.csproj", "{8C3AB22E-6F93-4C6D-A0FE-E5AA03228366}"
EndProject
Project("{9A19103F-16F7-4668-BE54-9A1E7A4F7556}") = "GoogleHashCode2019.Test", "GoogleHashCode2019.Test\GoogleHashCode2019.Test.csproj", "{30D6F71C-6B53-4F12-BD36-EEA7E9EE29A7}"
EndProject
Project("{2150E333-8FDC-42A3-9474-1A3956D46DE8}") = "Solution Items", "Solution Items", "{89BF8810-D63F-47C6-AF79-F1506E5F9F92}"
	ProjectSection(SolutionItems) = preProject
		Readme.md = Readme.md
	EndProjectSection
EndProject
Global
	GlobalSection(SolutionConfigurationPlatforms) = preSolution
		Debug|Any CPU = Debug|Any CPU
		Release|Any CPU = Release|Any CPU
	EndGlobalSection
	GlobalSection(ProjectConfigurationPlatforms) = postSolution
		{8C3AB22E-6F93-4C6D-A0FE-E5AA03228366}.Debug|Any CPU.ActiveCfg = Debug|Any CPU
		{8C3AB22E-6F93-4C6D-A0FE-E5AA03228366}.Debug|Any CPU.Build.0 = Debug|Any CPU
		{8C3AB22E-6F93-4C6D-A0FE-E5AA03228366}.Release|Any CPU.ActiveCfg = Release|Any CPU
		{8C3AB22E-6F93-4C6D-A0FE-E5AA03228366}.Release|Any CPU.Build.0 = Release|Any CPU
		{30D6F71C-6B53-4F12-BD36-EEA7E9EE29A7}.Debug|Any CPU.ActiveCfg = Debug|Any CPU
		{30D6F71C-6B53-4F12-BD36-EEA7E9EE29A7}.Debug|Any CPU.Build.0 = Debug|Any CPU
		{30D6F71C-6B53-4F12-BD36-EEA7E9EE29A7}.Release|Any CPU.ActiveCfg = Release|Any CPU
		{30D6F71C-6B53-4F12-BD36-EEA7E9EE29A7}.Release|Any CPU.Build.0 = Release|Any CPU
	EndGlobalSection
	GlobalSection(SolutionProperties) = preSolution
		HideSolutionNode = FALSE
	EndGlobalSection
	GlobalSection(ExtensibilityGlobals) = postSolution
		SolutionGuid = {4FAC21D7-A0D6-4003-B28A-A6D8243397D6}
	EndGlobalSection
EndGlobal
